
Microsoft Visual Studio Solution File, Format Version 12.00
# Visual Studio Version 16
VisualStudioVersion = 16.0.30330.147
MinimumVisualStudioVersion = 10.0.40219.1
Project("{FAE04EC0-301F-11D3-BF4B-00C04F79EFBC}") = "EmotionDetection.UWP", "EmotionDetection.UWP\EmotionDetection.UWP.csproj", "{7A7175DD-75F3-4571-B991-C4272163EFA6}"
EndProject
Project("{FAE04EC0-301F-11D3-BF4B-00C04F79EFBC}") = "EmotionDetection.Android", "EmotionDetection.Android\EmotionDetection.Android.csproj", "{8EDA2AFB-3334-46DE-946C-06083DA5CEA5}"
EndProject
Project("{FAE04EC0-301F-11D3-BF4B-00C04F79EFBC}") = "EmotionDetection.iOS", "EmotionDetection.iOS\EmotionDetection.iOS.csproj", "{879A620F-0E8B-46EA-B44A-B0E9413AA204}"
EndProject
Project("{FAE04EC0-301F-11D3-BF4B-00C04F79EFBC}") = "EmotionDetection", "EmotionDetection\EmotionDetection.csproj", "{4ECDE18A-949F-41CA-9CB4-82EC5E354E02}"
EndProject
Global
	GlobalSection(SolutionConfigurationPlatforms) = preSolution
		Debug|Any CPU = Debug|Any CPU
		Debug|ARM = Debug|ARM
		Debug|iPhone = Debug|iPhone
		Debug|iPhoneSimulator = Debug|iPhoneSimulator
		Debug|x64 = Debug|x64
		Debug|x86 = Debug|x86
		Release|Any CPU = Release|Any CPU
		Release|ARM = Release|ARM
		Release|iPhone = Release|iPhone
		Release|iPhoneSimulator = Release|iPhoneSimulator
		Release|x64 = Release|x64
		Release|x86 = Release|x86
	EndGlobalSection
	GlobalSection(ProjectConfigurationPlatforms) = postSolution
		{7A7175DD-75F3-4571-B991-C4272163EFA6}.Debug|Any CPU.ActiveCfg = Debug|x86
		{7A7175DD-75F3-4571-B991-C4272163EFA6}.Debug|Any CPU.Build.0 = Debug|x86
		{7A7175DD-75F3-4571-B991-C4272163EFA6}.Debug|Any CPU.Deploy.0 = Debug|x86
		{7A7175DD-75F3-4571-B991-C4272163EFA6}.Debug|ARM.ActiveCfg = Debug|ARM
		{7A7175DD-75F3-4571-B991-C4272163EFA6}.Debug|ARM.Build.0 = Debug|ARM
		{7A7175DD-75F3-4571-B991-C4272163EFA6}.Debug|ARM.Deploy.0 = Debug|ARM
		{7A7175DD-75F3-4571-B991-C4272163EFA6}.Debug|iPhone.ActiveCfg = Debug|x86
		{7A7175DD-75F3-4571-B991-C4272163EFA6}.Debug|iPhone.Build.0 = Debug|x86
		{7A7175DD-75F3-4571-B991-C4272163EFA6}.Debug|iPhone.Deploy.0 = Debug|x86
		{7A7175DD-75F3-4571-B991-C4272163EFA6}.Debug|iPhoneSimulator.ActiveCfg = Debug|x86
		{7A7175DD-75F3-4571-B991-C4272163EFA6}.Debug|iPhoneSimulator.Build.0 = Debug|x86
		{7A7175DD-75F3-4571-B991-C4272163EFA6}.Debug|iPhoneSimulator.Deploy.0 = Debug|x86
		{7A7175DD-75F3-4571-B991-C4272163EFA6}.Debug|x64.ActiveCfg = Debug|x64
		{7A7175DD-75F3-4571-B991-C4272163EFA6}.Debug|x64.Build.0 = Debug|x64
		{7A7175DD-75F3-4571-B991-C4272163EFA6}.Debug|x64.Deploy.0 = Debug|x64
		{7A7175DD-75F3-4571-B991-C4272163EFA6}.Debug|x86.ActiveCfg = Debug|x86
		{7A7175DD-75F3-4571-B991-C4272163EFA6}.Debug|x86.Build.0 = Debug|x86
		{7A7175DD-75F3-4571-B991-C4272163EFA6}.Debug|x86.Deploy.0 = Debug|x86
		{7A7175DD-75F3-4571-B991-C4272163EFA6}.Release|Any CPU.ActiveCfg = Release|x86
		{7A7175DD-75F3-4571-B991-C4272163EFA6}.Release|Any CPU.Build.0 = Release|x86
		{7A7175DD-75F3-4571-B991-C4272163EFA6}.Release|Any CPU.Deploy.0 = Release|x86
		{7A7175DD-75F3-4571-B991-C4272163EFA6}.Release|ARM.ActiveCfg = Release|ARM
		{7A7175DD-75F3-4571-B991-C4272163EFA6}.Release|ARM.Build.0 = Release|ARM
		{7A7175DD-75F3-4571-B991-C4272163EFA6}.Release|ARM.Deploy.0 = Release|ARM
		{7A7175DD-75F3-4571-B991-C4272163EFA6}.Release|iPhone.ActiveCfg = Release|x86
		{7A7175DD-75F3-4571-B991-C4272163EFA6}.Release|iPhone.Build.0 = Release|x86
		{7A7175DD-75F3-4571-B991-C4272163EFA6}.Release|iPhone.Deploy.0 = Release|x86
		{7A7175DD-75F3-4571-B991-C4272163EFA6}.Release|iPhoneSimulator.ActiveCfg = Release|x86
		{7A7175DD-75F3-4571-B991-C4272163EFA6}.Release|iPhoneSimulator.Build.0 = Release|x86
		{7A7175DD-75F3-4571-B991-C4272163EFA6}.Release|iPhoneSimulator.Deploy.0 = Release|x86
		{7A7175DD-75F3-4571-B991-C4272163EFA6}.Release|x64.ActiveCfg = Release|x64
		{7A7175DD-75F3-4571-B991-C4272163EFA6}.Release|x64.Build.0 = Release|x64
		{7A7175DD-75F3-4571-B991-C4272163EFA6}.Release|x64.Deploy.0 = Release|x64
		{7A7175DD-75F3-4571-B991-C4272163EFA6}.Release|x86.ActiveCfg = Release|x86
		{7A7175DD-75F3-4571-B991-C4272163EFA6}.Release|x86.Build.0 = Release|x86
		{7A7175DD-75F3-4571-B991-C4272163EFA6}.Release|x86.Deploy.0 = Release|x86
		{8EDA2AFB-3334-46DE-946C-06083DA5CEA5}.Debug|Any CPU.ActiveCfg = Debug|Any CPU
		{8EDA2AFB-3334-46DE-946C-06083DA5CEA5}.Debug|Any CPU.Build.0 = Debug|Any CPU
		{8EDA2AFB-3334-46DE-946C-06083DA5CEA5}.Debug|Any CPU.Deploy.0 = Debug|Any CPU
		{8EDA2AFB-3334-46DE-946C-06083DA5CEA5}.Debug|ARM.ActiveCfg = Debug|Any CPU
		{8EDA2AFB-3334-46DE-946C-06083DA5CEA5}.Debug|ARM.Build.0 = Debug|Any CPU
		{8EDA2AFB-3334-46DE-946C-06083DA5CEA5}.Debug|ARM.Deploy.0 = Debug|Any CPU
		{8EDA2AFB-3334-46DE-946C-06083DA5CEA5}.Debug|iPhone.ActiveCfg = Debug|Any CPU
		{8EDA2AFB-3334-46DE-946C-06083DA5CEA5}.Debug|iPhone.Build.0 = Debug|Any CPU
		{8EDA2AFB-3334-46DE-946C-06083DA5CEA5}.Debug|iPhone.Deploy.0 = Debug|Any CPU
		{8EDA2AFB-3334-46DE-946C-06083DA5CEA5}.Debug|iPhoneSimulator.ActiveCfg = Debug|Any CPU
		{8EDA2AFB-3334-46DE-946C-06083DA5CEA5}.Debug|iPhoneSimulator.Build.0 = Debug|Any CPU
		{8EDA2AFB-3334-46DE-946C-06083DA5CEA5}.Debug|iPhoneSimulator.Deploy.0 = Debug|Any CPU
		{8EDA2AFB-3334-46DE-946C-06083DA5CEA5}.Debug|x64.ActiveCfg = Debug|Any CPU
		{8EDA2AFB-3334-46DE-946C-06083DA5CEA5}.Debug|x64.Build.0 = Debug|Any CPU
		{8EDA2AFB-3334-46DE-946C-06083DA5CEA5}.Debug|x64.Deploy.0 = Debug|Any CPU
		{8EDA2AFB-3334-46DE-946C-06083DA5CEA5}.Debug|x86.ActiveCfg = Debug|Any CPU
		{8EDA2AFB-3334-46DE-946C-06083DA5CEA5}.Debug|x86.Build.0 = Debug|Any CPU
		{8EDA2AFB-3334-46DE-946C-06083DA5CEA5}.Debug|x86.Deploy.0 = Debug|Any CPU
		{8EDA2AFB-3334-46DE-946C-06083DA5CEA5}.Release|Any CPU.ActiveCfg = Release|Any CPU
		{8EDA2AFB-3334-46DE-946C-06083DA5CEA5}.Release|Any CPU.Build.0 = Release|Any CPU
		{8EDA2AFB-3334-46DE-946C-06083DA5CEA5}.Release|Any CPU.Deploy.0 = Release|Any CPU
		{8EDA2AFB-3334-46DE-946C-06083DA5CEA5}.Release|ARM.ActiveCfg = Release|Any CPU
		{8EDA2AFB-3334-46DE-946C-06083DA5CEA5}.Release|ARM.Build.0 = Release|Any CPU
		{8EDA2AFB-3334-46DE-946C-06083DA5CEA5}.Release|ARM.Deploy.0 = Release|Any CPU
		{8EDA2AFB-3334-46DE-946C-06083DA5CEA5}.Release|iPhone.ActiveCfg = Release|Any CPU
		{8EDA2AFB-3334-46DE-946C-06083DA5CEA5}.Release|iPhone.Build.0 = Release|Any CPU
		{8EDA2AFB-3334-46DE-946C-06083DA5CEA5}.Release|iPhone.Deploy.0 = Release|Any CPU
		{8EDA2AFB-3334-46DE-946C-06083DA5CEA5}.Release|iPhoneSimulator.ActiveCfg = Release|Any CPU
		{8EDA2AFB-3334-46DE-946C-06083DA5CEA5}.Release|iPhoneSimulator.Build.0 = Release|Any CPU
		{8EDA2AFB-3334-46DE-946C-06083DA5CEA5}.Release|iPhoneSimulator.Deploy.0 = Release|Any CPU
		{8EDA2AFB-3334-46DE-946C-06083DA5CEA5}.Release|x64.ActiveCfg = Release|Any CPU
		{8EDA2AFB-3334-46DE-946C-06083DA5CEA5}.Release|x64.Build.0 = Release|Any CPU
		{8EDA2AFB-3334-46DE-946C-06083DA5CEA5}.Release|x64.Deploy.0 = Release|Any CPU
		{8EDA2AFB-3334-46DE-946C-06083DA5CEA5}.Release|x86.ActiveCfg = Release|Any CPU
		{8EDA2AFB-3334-46DE-946C-06083DA5CEA5}.Release|x86.Build.0 = Release|Any CPU
		{8EDA2AFB-3334-46DE-946C-06083DA5CEA5}.Release|x86.Deploy.0 = Release|Any CPU
		{879A620F-0E8B-46EA-B44A-B0E9413AA204}.Debug|Any CPU.ActiveCfg = Debug|iPhone
		{879A620F-0E8B-46EA-B44A-B0E9413AA204}.Debug|Any CPU.Build.0 = Debug|iPhone
		{879A620F-0E8B-46EA-B44A-B0E9413AA204}.Debug|Any CPU.Deploy.0 = Debug|iPhone
		{879A620F-0E8B-46EA-B44A-B0E9413AA204}.Debug|ARM.ActiveCfg = Debug|iPhone
		{879A620F-0E8B-46EA-B44A-B0E9413AA204}.Debug|ARM.Build.0 = Debug|iPhone
		{879A620F-0E8B-46EA-B44A-B0E9413AA204}.Debug|ARM.Deploy.0 = Debug|iPhone
		{879A620F-0E8B-46EA-B44A-B0E9413AA204}.Debug|iPhone.ActiveCfg = Debug|iPhone
		{879A620F-0E8B-46EA-B44A-B0E9413AA204}.Debug|iPhone.Build.0 = Debug|iPhone
		{879A620F-0E8B-46EA-B44A-B0E9413AA204}.Debug|iPhone.Deploy.0 = Debug|iPhone
		{879A620F-0E8B-46EA-B44A-B0E9413AA204}.Debug|iPhoneSimulator.ActiveCfg = Debug|iPhoneSimulator
		{879A620F-0E8B-46EA-B44A-B0E9413AA204}.Debug|iPhoneSimulator.Build.0 = Debug|iPhoneSimulator
		{879A620F-0E8B-46EA-B44A-B0E9413AA204}.Debug|iPhoneSimulator.Deploy.0 = Debug|iPhoneSimulator
		{879A620F-0E8B-46EA-B44A-B0E9413AA204}.Debug|x64.ActiveCfg = Debug|iPhone
		{879A620F-0E8B-46EA-B44A-B0E9413AA204}.Debug|x64.Build.0 = Debug|iPhone
		{879A620F-0E8B-46EA-B44A-B0E9413AA204}.Debug|x64.Deploy.0 = Debug|iPhone
		{879A620F-0E8B-46EA-B44A-B0E9413AA204}.Debug|x86.ActiveCfg = Debug|iPhone
		{879A620F-0E8B-46EA-B44A-B0E9413AA204}.Debug|x86.Build.0 = Debug|iPhone
		{879A620F-0E8B-46EA-B44A-B0E9413AA204}.Debug|x86.Deploy.0 = Debug|iPhone
		{879A620F-0E8B-46EA-B44A-B0E9413AA204}.Release|Any CPU.ActiveCfg = Release|iPhone
		{879A620F-0E8B-46EA-B44A-B0E9413AA204}.Release|Any CPU.Build.0 = Release|iPhone
		{879A620F-0E8B-46EA-B44A-B0E9413AA204}.Release|Any CPU.Deploy.0 = Release|iPhone
		{879A620F-0E8B-46EA-B44A-B0E9413AA204}.Release|ARM.ActiveCfg = Release|iPhone
		{879A620F-0E8B-46EA-B44A-B0E9413AA204}.Release|ARM.Build.0 = Release|iPhone
		{879A620F-0E8B-46EA-B44A-B0E9413AA204}.Release|ARM.Deploy.0 = Release|iPhone
		{879A620F-0E8B-46EA-B44A-B0E9413AA204}.Release|iPhone.ActiveCfg = Release|iPhone
		{879A620F-0E8B-46EA-B44A-B0E9413AA204}.Release|iPhone.Build.0 = Release|iPhone
		{879A620F-0E8B-46EA-B44A-B0E9413AA204}.Release|iPhone.Deploy.0 = Release|iPhone
		{879A620F-0E8B-46EA-B44A-B0E9413AA204}.Release|iPhoneSimulator.ActiveCfg = Release|iPhoneSimulator
		{879A620F-0E8B-46EA-B44A-B0E9413AA204}.Release|iPhoneSimulator.Build.0 = Release|iPhoneSimulator
		{879A620F-0E8B-46EA-B44A-B0E9413AA204}.Release|iPhoneSimulator.Deploy.0 = Release|iPhoneSimulator
		{879A620F-0E8B-46EA-B44A-B0E9413AA204}.Release|x64.ActiveCfg = Release|iPhone
		{879A620F-0E8B-46EA-B44A-B0E9413AA204}.Release|x64.Build.0 = Release|iPhone
		{879A620F-0E8B-46EA-B44A-B0E9413AA204}.Release|x64.Deploy.0 = Release|iPhone
		{879A620F-0E8B-46EA-B44A-B0E9413AA204}.Release|x86.ActiveCfg = Release|iPhone
		{879A620F-0E8B-46EA-B44A-B0E9413AA204}.Release|x86.Build.0 = Release|iPhone
		{879A620F-0E8B-46EA-B44A-B0E9413AA204}.Release|x86.Deploy.0 = Release|iPhone
		{4ECDE18A-949F-41CA-9CB4-82EC5E354E02}.Debug|Any CPU.ActiveCfg = Debug|Any CPU
		{4ECDE18A-949F-41CA-9CB4-82EC5E354E02}.Debug|Any CPU.Build.0 = Debug|Any CPU
		{4ECDE18A-949F-41CA-9CB4-82EC5E354E02}.Debug|Any CPU.Deploy.0 = Debug|Any CPU
		{4ECDE18A-949F-41CA-9CB4-82EC5E354E02}.Debug|ARM.ActiveCfg = Debug|Any CPU
		{4ECDE18A-949F-41CA-9CB4-82EC5E354E02}.Debug|ARM.Build.0 = Debug|Any CPU
		{4ECDE18A-949F-41CA-9CB4-82EC5E354E02}.Debug|ARM.Deploy.0 = Debug|Any CPU
		{4ECDE18A-949F-41CA-9CB4-82EC5E354E02}.Debug|iPhone.ActiveCfg = Debug|Any CPU
		{4ECDE18A-949F-41CA-9CB4-82EC5E354E02}.Debug|iPhone.Build.0 = Debug|Any CPU
		{4ECDE18A-949F-41CA-9CB4-82EC5E354E02}.Debug|iPhone.Deploy.0 = Debug|Any CPU
		{4ECDE18A-949F-41CA-9CB4-82EC5E354E02}.Debug|iPhoneSimulator.ActiveCfg = Debug|Any CPU
		{4ECDE18A-949F-41CA-9CB4-82EC5E354E02}.Debug|iPhoneSimulator.Build.0 = Debug|Any CPU
		{4ECDE18A-949F-41CA-9CB4-82EC5E354E02}.Debug|iPhoneSimulator.Deploy.0 = Debug|Any CPU
		{4ECDE18A-949F-41CA-9CB4-82EC5E354E02}.Debug|x64.ActiveCfg = Debug|Any CPU
		{4ECDE18A-949F-41CA-9CB4-82EC5E354E02}.Debug|x64.Build.0 = Debug|Any CPU
		{4ECDE18A-949F-41CA-9CB4-82EC5E354E02}.Debug|x64.Deploy.0 = Debug|Any CPU
		{4ECDE18A-949F-41CA-9CB4-82EC5E354E02}.Debug|x86.ActiveCfg = Debug|Any CPU
		{4ECDE18A-949F-41CA-9CB4-82EC5E354E02}.Debug|x86.Build.0 = Debug|Any CPU
		{4ECDE18A-949F-41CA-9CB4-82EC5E354E02}.Debug|x86.Deploy.0 = Debug|Any CPU
		{4ECDE18A-949F-41CA-9CB4-82EC5E354E02}.Release|Any CPU.ActiveCfg = Release|Any CPU
		{4ECDE18A-949F-41CA-9CB4-82EC5E354E02}.Release|Any CPU.Build.0 = Release|Any CPU
		{4ECDE18A-949F-41CA-9CB4-82EC5E354E02}.Release|Any CPU.Deploy.0 = Release|Any CPU
		{4ECDE18A-949F-41CA-9CB4-82EC5E354E02}.Release|ARM.ActiveCfg = Release|Any CPU
		{4ECDE18A-949F-41CA-9CB4-82EC5E354E02}.Release|ARM.Build.0 = Release|Any CPU
		{4ECDE18A-949F-41CA-9CB4-82EC5E354E02}.Release|ARM.Deploy.0 = Release|Any CPU
		{4ECDE18A-949F-41CA-9CB4-82EC5E354E02}.Release|iPhone.ActiveCfg = Release|Any CPU
		{4ECDE18A-949F-41CA-9CB4-82EC5E354E02}.Release|iPhone.Build.0 = Release|Any CPU
		{4ECDE18A-949F-41CA-9CB4-82EC5E354E02}.Release|iPhone.Deploy.0 = Release|Any CPU
		{4ECDE18A-949F-41CA-9CB4-82EC5E354E02}.Release|iPhoneSimulator.ActiveCfg = Release|Any CPU
		{4ECDE18A-949F-41CA-9CB4-82EC5E354E02}.Release|iPhoneSimulator.Build.0 = Release|Any CPU
		{4ECDE18A-949F-41CA-9CB4-82EC5E354E02}.Release|iPhoneSimulator.Deploy.0 = Release|Any CPU
		{4ECDE18A-949F-41CA-9CB4-82EC5E354E02}.Release|x64.ActiveCfg = Release|Any CPU
		{4ECDE18A-949F-41CA-9CB4-82EC5E354E02}.Release|x64.Build.0 = Release|Any CPU
		{4ECDE18A-949F-41CA-9CB4-82EC5E354E02}.Release|x64.Deploy.0 = Release|Any CPU
		{4ECDE18A-949F-41CA-9CB4-82EC5E354E02}.Release|x86.ActiveCfg = Release|Any CPU
		{4ECDE18A-949F-41CA-9CB4-82EC5E354E02}.Release|x86.Build.0 = Release|Any CPU
		{4ECDE18A-949F-41CA-9CB4-82EC5E354E02}.Release|x86.Deploy.0 = Release|Any CPU
	EndGlobalSection
	GlobalSection(SolutionProperties) = preSolution
		HideSolutionNode = FALSE
	EndGlobalSection
	GlobalSection(ExtensibilityGlobals) = postSolution
		SolutionGuid = {E5D9F2CF-667A-4FA5-B89A-4248096D9C8A}
	EndGlobalSection
EndGlobal
